// !$*UTF8*$!
{
	archiveVersion = 1;
	classes = {
	};
	objectVersion = 52;
	objects = {

/* Begin PBXBuildFile section */
		DA352031246E60170055F18D /* DefaultValue.swift in Sources */ = {isa = PBXBuildFile; fileRef = DA352030246E60170055F18D /* DefaultValue.swift */; };
		DA352033246E653E0055F18D /* MainState.swift in Sources */ = {isa = PBXBuildFile; fileRef = DA352032246E653E0055F18D /* MainState.swift */; };
		DA352035246E65D10055F18D /* MainComponentsFactory.swift in Sources */ = {isa = PBXBuildFile; fileRef = DA352034246E65D10055F18D /* MainComponentsFactory.swift */; };
		DA3FEF81246133F9007EDD04 /* DefaultValuesService.swift in Sources */ = {isa = PBXBuildFile; fileRef = DA3FEF80246133F9007EDD04 /* DefaultValuesService.swift */; };
		DA3FEF862462FD47007EDD04 /* AppStateNotifier.swift in Sources */ = {isa = PBXBuildFile; fileRef = DA3FEF852462FD47007EDD04 /* AppStateNotifier.swift */; };
		DA3FEF882462FE7C007EDD04 /* AppStateNotifiable.swift in Sources */ = {isa = PBXBuildFile; fileRef = DA3FEF872462FE7C007EDD04 /* AppStateNotifiable.swift */; };
		DA3FEF8A24632086007EDD04 /* MainDefaultValues.swift in Sources */ = {isa = PBXBuildFile; fileRef = DA3FEF8924632086007EDD04 /* MainDefaultValues.swift */; };
		DA3FEF922466F950007EDD04 /* UIButton+BackgroundColor.swift in Sources */ = {isa = PBXBuildFile; fileRef = DA3FEF912466F950007EDD04 /* UIButton+BackgroundColor.swift */; };
		DA3FEF942466F9A1007EDD04 /* UIImage+Color.swift in Sources */ = {isa = PBXBuildFile; fileRef = DA3FEF932466F9A1007EDD04 /* UIImage+Color.swift */; };
		DA3FEF962467D572007EDD04 /* AppColors.swift in Sources */ = {isa = PBXBuildFile; fileRef = DA3FEF952467D572007EDD04 /* AppColors.swift */; };
		DA3FEF982467D60A007EDD04 /* UIColor+Hex.swift in Sources */ = {isa = PBXBuildFile; fileRef = DA3FEF972467D60A007EDD04 /* UIColor+Hex.swift */; };
		DA3FEF9A2467D812007EDD04 /* Colors.xcassets in Resources */ = {isa = PBXBuildFile; fileRef = DA3FEF992467D812007EDD04 /* Colors.xcassets */; };
		DA424179246D8F88000E6E91 /* AccessibilityIdentifier.swift in Sources */ = {isa = PBXBuildFile; fileRef = DAA62081246D138400AD8476 /* AccessibilityIdentifier.swift */; };
		DA4885FC24425DDD008FC6BB /* MainViewModelType.swift in Sources */ = {isa = PBXBuildFile; fileRef = DA4885FB24425DDD008FC6BB /* MainViewModelType.swift */; };
		DA4885FE24425E17008FC6BB /* MainViewModel.swift in Sources */ = {isa = PBXBuildFile; fileRef = DA4885FD24425E17008FC6BB /* MainViewModel.swift */; };
		DA48860024425EAF008FC6BB /* MainNavigator.swift in Sources */ = {isa = PBXBuildFile; fileRef = DA4885FF24425EAF008FC6BB /* MainNavigator.swift */; };
		DA48860324426101008FC6BB /* ServiceProvider.swift in Sources */ = {isa = PBXBuildFile; fileRef = DA48860224426101008FC6BB /* ServiceProvider.swift */; };
		DA48860A2443568F008FC6BB /* MessageModel.swift in Sources */ = {isa = PBXBuildFile; fileRef = DA4886092443568F008FC6BB /* MessageModel.swift */; };
		DA48860E2443BB31008FC6BB /* MessagesService.swift in Sources */ = {isa = PBXBuildFile; fileRef = DA48860D2443BB31008FC6BB /* MessagesService.swift */; };
		DA4886122443C564008FC6BB /* MainFlowCoordinator.swift in Sources */ = {isa = PBXBuildFile; fileRef = DA4886112443C564008FC6BB /* MainFlowCoordinator.swift */; };
		DA66233B2436F6AF00DA344A /* AppDelegate.swift in Sources */ = {isa = PBXBuildFile; fileRef = DA66233A2436F6AF00DA344A /* AppDelegate.swift */; };
		DA66233D2436F6AF00DA344A /* SceneDelegate.swift in Sources */ = {isa = PBXBuildFile; fileRef = DA66233C2436F6AF00DA344A /* SceneDelegate.swift */; };
		DA6623422436F6AF00DA344A /* Main.storyboard in Resources */ = {isa = PBXBuildFile; fileRef = DA6623402436F6AF00DA344A /* Main.storyboard */; };
		DA6623442436F6B100DA344A /* Assets.xcassets in Resources */ = {isa = PBXBuildFile; fileRef = DA6623432436F6B100DA344A /* Assets.xcassets */; };
		DA6623472436F6B100DA344A /* LaunchScreen.storyboard in Resources */ = {isa = PBXBuildFile; fileRef = DA6623452436F6B100DA344A /* LaunchScreen.storyboard */; };
		DA66235D2436F6B100DA344A /* OSC_MonitorUITests.swift in Sources */ = {isa = PBXBuildFile; fileRef = DA66235C2436F6B100DA344A /* OSC_MonitorUITests.swift */; };
		DA66236C2436F70F00DA344A /* OSCKit in Frameworks */ = {isa = PBXBuildFile; productRef = DA66236B2436F70F00DA344A /* OSCKit */; };
		DA6623722436FFBF00DA344A /* ConnectionViewController.swift in Sources */ = {isa = PBXBuildFile; fileRef = DA6623712436FFBF00DA344A /* ConnectionViewController.swift */; };
		DA6623742436FFDC00DA344A /* MessageListViewController.swift in Sources */ = {isa = PBXBuildFile; fileRef = DA6623732436FFDC00DA344A /* MessageListViewController.swift */; };
		DA6623762436FFF300DA344A /* AddressListViewController.swift in Sources */ = {isa = PBXBuildFile; fileRef = DA6623752436FFF300DA344A /* AddressListViewController.swift */; };
		DA6623782437001800DA344A /* MainViewController.swift in Sources */ = {isa = PBXBuildFile; fileRef = DA6623772437001800DA344A /* MainViewController.swift */; };
		DA8556632446DA8200E07979 /* AddressListViewModel.swift in Sources */ = {isa = PBXBuildFile; fileRef = DA8556622446DA8200E07979 /* AddressListViewModel.swift */; };
		DA8556662446DABD00E07979 /* AddressCell.swift in Sources */ = {isa = PBXBuildFile; fileRef = DA8556652446DABD00E07979 /* AddressCell.swift */; };
		DA8556682446DACE00E07979 /* AddressCellViewModel.swift in Sources */ = {isa = PBXBuildFile; fileRef = DA8556672446DACE00E07979 /* AddressCellViewModel.swift */; };
		DA8C8D4C2449678A00FB7645 /* ConnectionViewModel.swift in Sources */ = {isa = PBXBuildFile; fileRef = DA8C8D4B2449678A00FB7645 /* ConnectionViewModel.swift */; };
		DA8C8D50244B8FC400FB7645 /* MainUseCase.swift in Sources */ = {isa = PBXBuildFile; fileRef = DA8C8D4F244B8FC400FB7645 /* MainUseCase.swift */; };
		DA8C8D52244C5BA500FB7645 /* ViewModelBased.swift in Sources */ = {isa = PBXBuildFile; fileRef = DA8C8D51244C5BA500FB7645 /* ViewModelBased.swift */; };
		DA8C8D54244C5BCD00FB7645 /* StoryboardBased.swift in Sources */ = {isa = PBXBuildFile; fileRef = DA8C8D53244C5BCD00FB7645 /* StoryboardBased.swift */; };
		DA992A6B2459470500312AD4 /* MessageListViewModelInputTests.swift in Sources */ = {isa = PBXBuildFile; fileRef = DA992A6A2459470500312AD4 /* MessageListViewModelInputTests.swift */; };
		DAA5D5522445718000128CA7 /* MessageListViewModel.swift in Sources */ = {isa = PBXBuildFile; fileRef = DAA5D5512445718000128CA7 /* MessageListViewModel.swift */; };
		DAA5D5552445721700128CA7 /* MessageCellViewModel.swift in Sources */ = {isa = PBXBuildFile; fileRef = DAA5D5542445721700128CA7 /* MessageCellViewModel.swift */; };
		DAA5D55724457CD700128CA7 /* MessageCell.swift in Sources */ = {isa = PBXBuildFile; fileRef = DAA5D55624457CD700128CA7 /* MessageCell.swift */; };
		DAA5D55A24457DA800128CA7 /* UITableView+Cell.swift in Sources */ = {isa = PBXBuildFile; fileRef = DAA5D55924457DA800128CA7 /* UITableView+Cell.swift */; };
		DAA62082246D138400AD8476 /* AccessibilityIdentifier.swift in Sources */ = {isa = PBXBuildFile; fileRef = DAA62081246D138400AD8476 /* AccessibilityIdentifier.swift */; };
		DAB5C4E8245A9BBD0026BB88 /* MessageCellViewModelTests.swift in Sources */ = {isa = PBXBuildFile; fileRef = DAB5C4E7245A9BBD0026BB88 /* MessageCellViewModelTests.swift */; };
		DAB5C4EA245A9FF80026BB88 /* MainViewModelTests.swift in Sources */ = {isa = PBXBuildFile; fileRef = DAB5C4E9245A9FF80026BB88 /* MainViewModelTests.swift */; };
		DAC2BE4C245F0B5D00734D05 /* AddressListViewModelTests.swift in Sources */ = {isa = PBXBuildFile; fileRef = DAC2BE4B245F0B5D00734D05 /* AddressListViewModelTests.swift */; };
		DAC2BE4E245F131C00734D05 /* AddressCellViewModelTests.swift in Sources */ = {isa = PBXBuildFile; fileRef = DAC2BE4D245F131C00734D05 /* AddressCellViewModelTests.swift */; };
		DAC977CC244EB364000C924F /* Theme.swift in Sources */ = {isa = PBXBuildFile; fileRef = DAC977CB244EB364000C924F /* Theme.swift */; };
		DAC977CE244EB491000C924F /* Theme+Defaults.swift in Sources */ = {isa = PBXBuildFile; fileRef = DAC977CD244EB491000C924F /* Theme+Defaults.swift */; };
		DAC977D0244EB89B000C924F /* Appearance.swift in Sources */ = {isa = PBXBuildFile; fileRef = DAC977CF244EB89B000C924F /* Appearance.swift */; };
		DAC977D2244EBAA5000C924F /* Themeable.swift in Sources */ = {isa = PBXBuildFile; fileRef = DAC977D1244EBAA5000C924F /* Themeable.swift */; };
		DAD078D82471214F00FE2214 /* Messages.swift in Sources */ = {isa = PBXBuildFile; fileRef = DAD078D72471214F00FE2214 /* Messages.swift */; };
		DAD078DB247180AB00FE2214 /* AddressFilters.swift in Sources */ = {isa = PBXBuildFile; fileRef = DAD078DA247180AB00FE2214 /* AddressFilters.swift */; };
		DAE9109E24698AD40029FD24 /* StateIndicatorView.swift in Sources */ = {isa = PBXBuildFile; fileRef = DAE9109D24698AD40029FD24 /* StateIndicatorView.swift */; };
		DAE910A4246A69F40029FD24 /* TableViewSeparatorView.swift in Sources */ = {isa = PBXBuildFile; fileRef = DAE910A3246A69F40029FD24 /* TableViewSeparatorView.swift */; };
		DAE910A6246BBA4E0029FD24 /* ConnectionState.swift in Sources */ = {isa = PBXBuildFile; fileRef = DAE910A5246BBA4E0029FD24 /* ConnectionState.swift */; };
		DAE910A8246BBA880029FD24 /* ConnectionViewModelInputOutput.swift in Sources */ = {isa = PBXBuildFile; fileRef = DAE910A7246BBA880029FD24 /* ConnectionViewModelInputOutput.swift */; };
		DAE910AA246BBB5F0029FD24 /* MessageListState.swift in Sources */ = {isa = PBXBuildFile; fileRef = DAE910A9246BBB5F0029FD24 /* MessageListState.swift */; };
		DAE910AC246BBB9C0029FD24 /* MessageListViewModelInputOutput.swift in Sources */ = {isa = PBXBuildFile; fileRef = DAE910AB246BBB9C0029FD24 /* MessageListViewModelInputOutput.swift */; };
		DAE910AE246BBC460029FD24 /* AddressListViewModelInputOutput.swift in Sources */ = {isa = PBXBuildFile; fileRef = DAE910AD246BBC460029FD24 /* AddressListViewModelInputOutput.swift */; };
		DAEE9B402452A2F500D7A277 /* BundleModel.swift in Sources */ = {isa = PBXBuildFile; fileRef = DAEE9B3F2452A2F500D7A277 /* BundleModel.swift */; };
		DAEE9B422452A4B900D7A277 /* MessagesServiceItemType.swift in Sources */ = {isa = PBXBuildFile; fileRef = DAEE9B412452A4B900D7A277 /* MessagesServiceItemType.swift */; };
		DAEE9B442452B31B00D7A277 /* UITableView+Scroll.swift in Sources */ = {isa = PBXBuildFile; fileRef = DAEE9B432452B31B00D7A277 /* UITableView+Scroll.swift */; };
		DAF9F28724422C7D009CF474 /* AppFlowCoordinator.swift in Sources */ = {isa = PBXBuildFile; fileRef = DAF9F28624422C7D009CF474 /* AppFlowCoordinator.swift */; };
		DAF9F28924422E47009CF474 /* FlowCoordinator.swift in Sources */ = {isa = PBXBuildFile; fileRef = DAF9F28824422E47009CF474 /* FlowCoordinator.swift */; };
		DAFE9A74245FE954005999C4 /* AppComponentsFactory.swift in Sources */ = {isa = PBXBuildFile; fileRef = DAFE9A73245FE954005999C4 /* AppComponentsFactory.swift */; };
		DAFE9A76245FEEDD005999C4 /* AppFlowCoordinatorDependencyProvider.swift in Sources */ = {isa = PBXBuildFile; fileRef = DAFE9A75245FEEDD005999C4 /* AppFlowCoordinatorDependencyProvider.swift */; };
		DAFE9A7924606E77005999C4 /* MessageModel+Stub.swift in Sources */ = {isa = PBXBuildFile; fileRef = DAFE9A7824606E77005999C4 /* MessageModel+Stub.swift */; };
		DAFE9A7B2460723D005999C4 /* ConnectionViewModelTests.swift in Sources */ = {isa = PBXBuildFile; fileRef = DAFE9A7A2460723D005999C4 /* ConnectionViewModelTests.swift */; };
/* End PBXBuildFile section */

/* Begin PBXContainerItemProxy section */
		DA66234E2436F6B100DA344A /* PBXContainerItemProxy */ = {
			isa = PBXContainerItemProxy;
			containerPortal = DA66232F2436F6AF00DA344A /* Project object */;
			proxyType = 1;
			remoteGlobalIDString = DA6623362436F6AF00DA344A;
			remoteInfo = "OSC Monitor";
		};
		DA6623592436F6B100DA344A /* PBXContainerItemProxy */ = {
			isa = PBXContainerItemProxy;
			containerPortal = DA66232F2436F6AF00DA344A /* Project object */;
			proxyType = 1;
			remoteGlobalIDString = DA6623362436F6AF00DA344A;
			remoteInfo = "OSC Monitor";
		};
/* End PBXContainerItemProxy section */

/* Begin PBXFileReference section */
		DA352030246E60170055F18D /* DefaultValue.swift */ = {isa = PBXFileReference; lastKnownFileType = sourcecode.swift; path = DefaultValue.swift; sourceTree = "<group>"; };
		DA352032246E653E0055F18D /* MainState.swift */ = {isa = PBXFileReference; lastKnownFileType = sourcecode.swift; path = MainState.swift; sourceTree = "<group>"; };
		DA352034246E65D10055F18D /* MainComponentsFactory.swift */ = {isa = PBXFileReference; lastKnownFileType = sourcecode.swift; path = MainComponentsFactory.swift; sourceTree = "<group>"; };
		DA3FEF80246133F9007EDD04 /* DefaultValuesService.swift */ = {isa = PBXFileReference; lastKnownFileType = sourcecode.swift; path = DefaultValuesService.swift; sourceTree = "<group>"; };
		DA3FEF852462FD47007EDD04 /* AppStateNotifier.swift */ = {isa = PBXFileReference; lastKnownFileType = sourcecode.swift; path = AppStateNotifier.swift; sourceTree = "<group>"; };
		DA3FEF872462FE7C007EDD04 /* AppStateNotifiable.swift */ = {isa = PBXFileReference; lastKnownFileType = sourcecode.swift; path = AppStateNotifiable.swift; sourceTree = "<group>"; };
		DA3FEF8924632086007EDD04 /* MainDefaultValues.swift */ = {isa = PBXFileReference; lastKnownFileType = sourcecode.swift; path = MainDefaultValues.swift; sourceTree = "<group>"; };
		DA3FEF912466F950007EDD04 /* UIButton+BackgroundColor.swift */ = {isa = PBXFileReference; lastKnownFileType = sourcecode.swift; path = "UIButton+BackgroundColor.swift"; sourceTree = "<group>"; };
		DA3FEF932466F9A1007EDD04 /* UIImage+Color.swift */ = {isa = PBXFileReference; lastKnownFileType = sourcecode.swift; path = "UIImage+Color.swift"; sourceTree = "<group>"; };
		DA3FEF952467D572007EDD04 /* AppColors.swift */ = {isa = PBXFileReference; lastKnownFileType = sourcecode.swift; path = AppColors.swift; sourceTree = "<group>"; };
		DA3FEF972467D60A007EDD04 /* UIColor+Hex.swift */ = {isa = PBXFileReference; lastKnownFileType = sourcecode.swift; path = "UIColor+Hex.swift"; sourceTree = "<group>"; };
		DA3FEF992467D812007EDD04 /* Colors.xcassets */ = {isa = PBXFileReference; lastKnownFileType = folder.assetcatalog; path = Colors.xcassets; sourceTree = "<group>"; };
		DA4885FB24425DDD008FC6BB /* MainViewModelType.swift */ = {isa = PBXFileReference; lastKnownFileType = sourcecode.swift; path = MainViewModelType.swift; sourceTree = "<group>"; };
		DA4885FD24425E17008FC6BB /* MainViewModel.swift */ = {isa = PBXFileReference; lastKnownFileType = sourcecode.swift; path = MainViewModel.swift; sourceTree = "<group>"; };
		DA4885FF24425EAF008FC6BB /* MainNavigator.swift */ = {isa = PBXFileReference; lastKnownFileType = sourcecode.swift; path = MainNavigator.swift; sourceTree = "<group>"; };
		DA48860224426101008FC6BB /* ServiceProvider.swift */ = {isa = PBXFileReference; lastKnownFileType = sourcecode.swift; path = ServiceProvider.swift; sourceTree = "<group>"; };
		DA4886092443568F008FC6BB /* MessageModel.swift */ = {isa = PBXFileReference; lastKnownFileType = sourcecode.swift; path = MessageModel.swift; sourceTree = "<group>"; };
		DA48860D2443BB31008FC6BB /* MessagesService.swift */ = {isa = PBXFileReference; lastKnownFileType = sourcecode.swift; path = MessagesService.swift; sourceTree = "<group>"; };
		DA4886112443C564008FC6BB /* MainFlowCoordinator.swift */ = {isa = PBXFileReference; lastKnownFileType = sourcecode.swift; path = MainFlowCoordinator.swift; sourceTree = "<group>"; };
		DA6623372436F6AF00DA344A /* OSC Monitor.app */ = {isa = PBXFileReference; explicitFileType = wrapper.application; includeInIndex = 0; path = "OSC Monitor.app"; sourceTree = BUILT_PRODUCTS_DIR; };
		DA66233A2436F6AF00DA344A /* AppDelegate.swift */ = {isa = PBXFileReference; lastKnownFileType = sourcecode.swift; path = AppDelegate.swift; sourceTree = "<group>"; };
		DA66233C2436F6AF00DA344A /* SceneDelegate.swift */ = {isa = PBXFileReference; lastKnownFileType = sourcecode.swift; path = SceneDelegate.swift; sourceTree = "<group>"; };
		DA6623412436F6AF00DA344A /* Base */ = {isa = PBXFileReference; lastKnownFileType = file.storyboard; name = Base; path = Base.lproj/Main.storyboard; sourceTree = "<group>"; };
		DA6623432436F6B100DA344A /* Assets.xcassets */ = {isa = PBXFileReference; lastKnownFileType = folder.assetcatalog; path = Assets.xcassets; sourceTree = "<group>"; };
		DA6623462436F6B100DA344A /* Base */ = {isa = PBXFileReference; lastKnownFileType = file.storyboard; name = Base; path = Base.lproj/LaunchScreen.storyboard; sourceTree = "<group>"; };
		DA6623482436F6B100DA344A /* Info.plist */ = {isa = PBXFileReference; lastKnownFileType = text.plist.xml; path = Info.plist; sourceTree = "<group>"; };
		DA66234D2436F6B100DA344A /* OSC MonitorTests.xctest */ = {isa = PBXFileReference; explicitFileType = wrapper.cfbundle; includeInIndex = 0; path = "OSC MonitorTests.xctest"; sourceTree = BUILT_PRODUCTS_DIR; };
		DA6623532436F6B100DA344A /* Info.plist */ = {isa = PBXFileReference; lastKnownFileType = text.plist.xml; path = Info.plist; sourceTree = "<group>"; };
		DA6623582436F6B100DA344A /* OSC MonitorUITests.xctest */ = {isa = PBXFileReference; explicitFileType = wrapper.cfbundle; includeInIndex = 0; path = "OSC MonitorUITests.xctest"; sourceTree = BUILT_PRODUCTS_DIR; };
		DA66235C2436F6B100DA344A /* OSC_MonitorUITests.swift */ = {isa = PBXFileReference; lastKnownFileType = sourcecode.swift; path = OSC_MonitorUITests.swift; sourceTree = "<group>"; };
		DA66235E2436F6B100DA344A /* Info.plist */ = {isa = PBXFileReference; lastKnownFileType = text.plist.xml; path = Info.plist; sourceTree = "<group>"; };
		DA6623712436FFBF00DA344A /* ConnectionViewController.swift */ = {isa = PBXFileReference; lastKnownFileType = sourcecode.swift; path = ConnectionViewController.swift; sourceTree = "<group>"; };
		DA6623732436FFDC00DA344A /* MessageListViewController.swift */ = {isa = PBXFileReference; lastKnownFileType = sourcecode.swift; path = MessageListViewController.swift; sourceTree = "<group>"; };
		DA6623752436FFF300DA344A /* AddressListViewController.swift */ = {isa = PBXFileReference; lastKnownFileType = sourcecode.swift; path = AddressListViewController.swift; sourceTree = "<group>"; };
		DA6623772437001800DA344A /* MainViewController.swift */ = {isa = PBXFileReference; lastKnownFileType = sourcecode.swift; path = MainViewController.swift; sourceTree = "<group>"; };
		DA8556622446DA8200E07979 /* AddressListViewModel.swift */ = {isa = PBXFileReference; lastKnownFileType = sourcecode.swift; path = AddressListViewModel.swift; sourceTree = "<group>"; };
		DA8556652446DABD00E07979 /* AddressCell.swift */ = {isa = PBXFileReference; lastKnownFileType = sourcecode.swift; path = AddressCell.swift; sourceTree = "<group>"; };
		DA8556672446DACE00E07979 /* AddressCellViewModel.swift */ = {isa = PBXFileReference; lastKnownFileType = sourcecode.swift; path = AddressCellViewModel.swift; sourceTree = "<group>"; };
		DA8C8D4B2449678A00FB7645 /* ConnectionViewModel.swift */ = {isa = PBXFileReference; lastKnownFileType = sourcecode.swift; path = ConnectionViewModel.swift; sourceTree = "<group>"; };
		DA8C8D4F244B8FC400FB7645 /* MainUseCase.swift */ = {isa = PBXFileReference; lastKnownFileType = sourcecode.swift; path = MainUseCase.swift; sourceTree = "<group>"; };
		DA8C8D51244C5BA500FB7645 /* ViewModelBased.swift */ = {isa = PBXFileReference; lastKnownFileType = sourcecode.swift; path = ViewModelBased.swift; sourceTree = "<group>"; };
		DA8C8D53244C5BCD00FB7645 /* StoryboardBased.swift */ = {isa = PBXFileReference; lastKnownFileType = sourcecode.swift; path = StoryboardBased.swift; sourceTree = "<group>"; };
		DA992A6A2459470500312AD4 /* MessageListViewModelInputTests.swift */ = {isa = PBXFileReference; lastKnownFileType = sourcecode.swift; path = MessageListViewModelInputTests.swift; sourceTree = "<group>"; };
		DAA5D5512445718000128CA7 /* MessageListViewModel.swift */ = {isa = PBXFileReference; lastKnownFileType = sourcecode.swift; path = MessageListViewModel.swift; sourceTree = "<group>"; };
		DAA5D5542445721700128CA7 /* MessageCellViewModel.swift */ = {isa = PBXFileReference; lastKnownFileType = sourcecode.swift; path = MessageCellViewModel.swift; sourceTree = "<group>"; };
		DAA5D55624457CD700128CA7 /* MessageCell.swift */ = {isa = PBXFileReference; lastKnownFileType = sourcecode.swift; path = MessageCell.swift; sourceTree = "<group>"; };
		DAA5D55924457DA800128CA7 /* UITableView+Cell.swift */ = {isa = PBXFileReference; lastKnownFileType = sourcecode.swift; path = "UITableView+Cell.swift"; sourceTree = "<group>"; };
		DAA62081246D138400AD8476 /* AccessibilityIdentifier.swift */ = {isa = PBXFileReference; lastKnownFileType = sourcecode.swift; path = AccessibilityIdentifier.swift; sourceTree = "<group>"; };
		DAB5C4E7245A9BBD0026BB88 /* MessageCellViewModelTests.swift */ = {isa = PBXFileReference; lastKnownFileType = sourcecode.swift; path = MessageCellViewModelTests.swift; sourceTree = "<group>"; };
		DAB5C4E9245A9FF80026BB88 /* MainViewModelTests.swift */ = {isa = PBXFileReference; lastKnownFileType = sourcecode.swift; path = MainViewModelTests.swift; sourceTree = "<group>"; };
		DAC2BE4B245F0B5D00734D05 /* AddressListViewModelTests.swift */ = {isa = PBXFileReference; lastKnownFileType = sourcecode.swift; path = AddressListViewModelTests.swift; sourceTree = "<group>"; };
		DAC2BE4D245F131C00734D05 /* AddressCellViewModelTests.swift */ = {isa = PBXFileReference; lastKnownFileType = sourcecode.swift; path = AddressCellViewModelTests.swift; sourceTree = "<group>"; };
		DAC977CB244EB364000C924F /* Theme.swift */ = {isa = PBXFileReference; lastKnownFileType = sourcecode.swift; path = Theme.swift; sourceTree = "<group>"; };
		DAC977CD244EB491000C924F /* Theme+Defaults.swift */ = {isa = PBXFileReference; lastKnownFileType = sourcecode.swift; path = "Theme+Defaults.swift"; sourceTree = "<group>"; };
		DAC977CF244EB89B000C924F /* Appearance.swift */ = {isa = PBXFileReference; lastKnownFileType = sourcecode.swift; path = Appearance.swift; sourceTree = "<group>"; };
		DAC977D1244EBAA5000C924F /* Themeable.swift */ = {isa = PBXFileReference; lastKnownFileType = sourcecode.swift; path = Themeable.swift; sourceTree = "<group>"; };
		DAD078D72471214F00FE2214 /* Messages.swift */ = {isa = PBXFileReference; lastKnownFileType = sourcecode.swift; path = Messages.swift; sourceTree = "<group>"; };
		DAD078DA247180AB00FE2214 /* AddressFilters.swift */ = {isa = PBXFileReference; lastKnownFileType = sourcecode.swift; path = AddressFilters.swift; sourceTree = "<group>"; };
		DAE9109D24698AD40029FD24 /* StateIndicatorView.swift */ = {isa = PBXFileReference; lastKnownFileType = sourcecode.swift; path = StateIndicatorView.swift; sourceTree = "<group>"; };
		DAE910A3246A69F40029FD24 /* TableViewSeparatorView.swift */ = {isa = PBXFileReference; lastKnownFileType = sourcecode.swift; path = TableViewSeparatorView.swift; sourceTree = "<group>"; };
		DAE910A5246BBA4E0029FD24 /* ConnectionState.swift */ = {isa = PBXFileReference; lastKnownFileType = sourcecode.swift; path = ConnectionState.swift; sourceTree = "<group>"; };
		DAE910A7246BBA880029FD24 /* ConnectionViewModelInputOutput.swift */ = {isa = PBXFileReference; lastKnownFileType = sourcecode.swift; path = ConnectionViewModelInputOutput.swift; sourceTree = "<group>"; };
		DAE910A9246BBB5F0029FD24 /* MessageListState.swift */ = {isa = PBXFileReference; lastKnownFileType = sourcecode.swift; path = MessageListState.swift; sourceTree = "<group>"; };
		DAE910AB246BBB9C0029FD24 /* MessageListViewModelInputOutput.swift */ = {isa = PBXFileReference; lastKnownFileType = sourcecode.swift; path = MessageListViewModelInputOutput.swift; sourceTree = "<group>"; };
		DAE910AD246BBC460029FD24 /* AddressListViewModelInputOutput.swift */ = {isa = PBXFileReference; lastKnownFileType = sourcecode.swift; path = AddressListViewModelInputOutput.swift; sourceTree = "<group>"; };
		DAEE9B3F2452A2F500D7A277 /* BundleModel.swift */ = {isa = PBXFileReference; lastKnownFileType = sourcecode.swift; path = BundleModel.swift; sourceTree = "<group>"; };
		DAEE9B412452A4B900D7A277 /* MessagesServiceItemType.swift */ = {isa = PBXFileReference; lastKnownFileType = sourcecode.swift; path = MessagesServiceItemType.swift; sourceTree = "<group>"; };
		DAEE9B432452B31B00D7A277 /* UITableView+Scroll.swift */ = {isa = PBXFileReference; lastKnownFileType = sourcecode.swift; path = "UITableView+Scroll.swift"; sourceTree = "<group>"; };
		DAF9F28624422C7D009CF474 /* AppFlowCoordinator.swift */ = {isa = PBXFileReference; lastKnownFileType = sourcecode.swift; path = AppFlowCoordinator.swift; sourceTree = "<group>"; };
		DAF9F28824422E47009CF474 /* FlowCoordinator.swift */ = {isa = PBXFileReference; lastKnownFileType = sourcecode.swift; path = FlowCoordinator.swift; sourceTree = "<group>"; };
		DAFE9A73245FE954005999C4 /* AppComponentsFactory.swift */ = {isa = PBXFileReference; lastKnownFileType = sourcecode.swift; path = AppComponentsFactory.swift; sourceTree = "<group>"; };
		DAFE9A75245FEEDD005999C4 /* AppFlowCoordinatorDependencyProvider.swift */ = {isa = PBXFileReference; lastKnownFileType = sourcecode.swift; path = AppFlowCoordinatorDependencyProvider.swift; sourceTree = "<group>"; };
		DAFE9A7824606E77005999C4 /* MessageModel+Stub.swift */ = {isa = PBXFileReference; lastKnownFileType = sourcecode.swift; path = "MessageModel+Stub.swift"; sourceTree = "<group>"; };
		DAFE9A7A2460723D005999C4 /* ConnectionViewModelTests.swift */ = {isa = PBXFileReference; lastKnownFileType = sourcecode.swift; path = ConnectionViewModelTests.swift; sourceTree = "<group>"; };
/* End PBXFileReference section */

/* Begin PBXFrameworksBuildPhase section */
		DA6623342436F6AF00DA344A /* Frameworks */ = {
			isa = PBXFrameworksBuildPhase;
			buildActionMask = 2147483647;
			files = (
				DA66236C2436F70F00DA344A /* OSCKit in Frameworks */,
			);
			runOnlyForDeploymentPostprocessing = 0;
		};
		DA66234A2436F6B100DA344A /* Frameworks */ = {
			isa = PBXFrameworksBuildPhase;
			buildActionMask = 2147483647;
			files = (
			);
			runOnlyForDeploymentPostprocessing = 0;
		};
		DA6623552436F6B100DA344A /* Frameworks */ = {
			isa = PBXFrameworksBuildPhase;
			buildActionMask = 2147483647;
			files = (
			);
			runOnlyForDeploymentPostprocessing = 0;
		};
/* End PBXFrameworksBuildPhase section */

/* Begin PBXGroup section */
		DA35202F246E5FE00055F18D /* Default Values */ = {
			isa = PBXGroup;
			children = (
				DA352030246E60170055F18D /* DefaultValue.swift */,
				DA3FEF80246133F9007EDD04 /* DefaultValuesService.swift */,
			);
			path = "Default Values";
			sourceTree = "<group>";
		};
		DA3FEF842462FD1F007EDD04 /* App State */ = {
			isa = PBXGroup;
			children = (
				DA3FEF852462FD47007EDD04 /* AppStateNotifier.swift */,
				DA3FEF872462FE7C007EDD04 /* AppStateNotifiable.swift */,
			);
			path = "App State";
			sourceTree = "<group>";
		};
		DA3FEF8B2464694D007EDD04 /* Messages */ = {
			isa = PBXGroup;
			children = (
				DA48860D2443BB31008FC6BB /* MessagesService.swift */,
				DAEE9B412452A4B900D7A277 /* MessagesServiceItemType.swift */,
			);
			path = Messages;
			sourceTree = "<group>";
		};
		DA3FEF9024646AD8007EDD04 /* UseCases */ = {
			isa = PBXGroup;
			children = (
				DA8C8D4F244B8FC400FB7645 /* MainUseCase.swift */,
			);
			path = UseCases;
			sourceTree = "<group>";
		};
		DA4885FA24425D99008FC6BB /* Main */ = {
			isa = PBXGroup;
			children = (
				DAD078D92471808B00FE2214 /* AddressFilters */,
				DAD078D62471211C00FE2214 /* Messages */,
				DA6623792437002300DA344A /* Components */,
				DA6623772437001800DA344A /* MainViewController.swift */,
				DA4885FB24425DDD008FC6BB /* MainViewModelType.swift */,
				DA4885FD24425E17008FC6BB /* MainViewModel.swift */,
				DA4885FF24425EAF008FC6BB /* MainNavigator.swift */,
				DA3FEF8924632086007EDD04 /* MainDefaultValues.swift */,
				DA352032246E653E0055F18D /* MainState.swift */,
			);
			path = Main;
			sourceTree = "<group>";
		};
		DA4886012442605E008FC6BB /* Services */ = {
			isa = PBXGroup;
			children = (
				DA35202F246E5FE00055F18D /* Default Values */,
				DA3FEF8B2464694D007EDD04 /* Messages */,
				DA48860224426101008FC6BB /* ServiceProvider.swift */,
			);
			path = Services;
			sourceTree = "<group>";
		};
		DA66232E2436F6AF00DA344A = {
			isa = PBXGroup;
			children = (
				DA6623392436F6AF00DA344A /* OSC Monitor */,
				DA6623502436F6B100DA344A /* OSC MonitorTests */,
				DA66235B2436F6B100DA344A /* OSC MonitorUITests */,
				DA6623382436F6AF00DA344A /* Products */,
			);
			sourceTree = "<group>";
		};
		DA6623382436F6AF00DA344A /* Products */ = {
			isa = PBXGroup;
			children = (
				DA6623372436F6AF00DA344A /* OSC Monitor.app */,
				DA66234D2436F6B100DA344A /* OSC MonitorTests.xctest */,
				DA6623582436F6B100DA344A /* OSC MonitorUITests.xctest */,
			);
			name = Products;
			sourceTree = "<group>";
		};
		DA6623392436F6AF00DA344A /* OSC Monitor */ = {
			isa = PBXGroup;
			children = (
				DA66236D2436FF0E00DA344A /* Assets */,
				DA66236E2436FF2800DA344A /* Source */,
				DA6623482436F6B100DA344A /* Info.plist */,
			);
			path = "OSC Monitor";
			sourceTree = "<group>";
		};
		DA6623502436F6B100DA344A /* OSC MonitorTests */ = {
			isa = PBXGroup;
			children = (
				DAFE9A77245FF362005999C4 /* Mocks */,
				DA6623532436F6B100DA344A /* Info.plist */,
				DA992A6A2459470500312AD4 /* MessageListViewModelInputTests.swift */,
				DAB5C4E7245A9BBD0026BB88 /* MessageCellViewModelTests.swift */,
				DAB5C4E9245A9FF80026BB88 /* MainViewModelTests.swift */,
				DAC2BE4B245F0B5D00734D05 /* AddressListViewModelTests.swift */,
				DAC2BE4D245F131C00734D05 /* AddressCellViewModelTests.swift */,
				DAFE9A7A2460723D005999C4 /* ConnectionViewModelTests.swift */,
			);
			path = "OSC MonitorTests";
			sourceTree = "<group>";
		};
		DA66235B2436F6B100DA344A /* OSC MonitorUITests */ = {
			isa = PBXGroup;
			children = (
				DA66235C2436F6B100DA344A /* OSC_MonitorUITests.swift */,
				DA66235E2436F6B100DA344A /* Info.plist */,
			);
			path = "OSC MonitorUITests";
			sourceTree = "<group>";
		};
		DA66236D2436FF0E00DA344A /* Assets */ = {
			isa = PBXGroup;
			children = (
				DA6623432436F6B100DA344A /* Assets.xcassets */,
				DA3FEF992467D812007EDD04 /* Colors.xcassets */,
			);
			path = Assets;
			sourceTree = "<group>";
		};
		DA66236E2436FF2800DA344A /* Source */ = {
			isa = PBXGroup;
			children = (
				DAA62080246D135600AD8476 /* Strings */,
				DAC977CA244EB33E000C924F /* Theming */,
				DA66236F2436FF3400DA344A /* UI */,
				DAE70903243AE702009D960A /* Models */,
				DA3FEF842462FD1F007EDD04 /* App State */,
				DA4886012442605E008FC6BB /* Services */,
				DAF9F28A24423CF5009CF474 /* Utils */,
				DAF9F28524422C5B009CF474 /* Coordinators */,
				DA3FEF9024646AD8007EDD04 /* UseCases */,
				DA6623702436FF7100DA344A /* Screens */,
				DA66233A2436F6AF00DA344A /* AppDelegate.swift */,
				DA66233C2436F6AF00DA344A /* SceneDelegate.swift */,
			);
			path = Source;
			sourceTree = "<group>";
		};
		DA66236F2436FF3400DA344A /* UI */ = {
			isa = PBXGroup;
			children = (
				DA6623402436F6AF00DA344A /* Main.storyboard */,
				DA6623452436F6B100DA344A /* LaunchScreen.storyboard */,
			);
			path = UI;
			sourceTree = "<group>";
		};
		DA6623702436FF7100DA344A /* Screens */ = {
			isa = PBXGroup;
			children = (
				DAE910A1246A69BA0029FD24 /* Shared */,
				DA4885FA24425D99008FC6BB /* Main */,
			);
			path = Screens;
			sourceTree = "<group>";
		};
		DA6623792437002300DA344A /* Components */ = {
			isa = PBXGroup;
			children = (
				DA352034246E65D10055F18D /* MainComponentsFactory.swift */,
				DA8C8D4A2449674900FB7645 /* Connection */,
				DAA5D5502445715E00128CA7 /* Message List */,
				DA8556612446DA3900E07979 /* Address List */,
			);
			path = Components;
			sourceTree = "<group>";
		};
		DA8556612446DA3900E07979 /* Address List */ = {
			isa = PBXGroup;
			children = (
				DA8556642446DA8D00E07979 /* Cell */,
				DA6623752436FFF300DA344A /* AddressListViewController.swift */,
				DA8556622446DA8200E07979 /* AddressListViewModel.swift */,
				DAE910AD246BBC460029FD24 /* AddressListViewModelInputOutput.swift */,
			);
			path = "Address List";
			sourceTree = "<group>";
		};
		DA8556642446DA8D00E07979 /* Cell */ = {
			isa = PBXGroup;
			children = (
				DA8556652446DABD00E07979 /* AddressCell.swift */,
				DA8556672446DACE00E07979 /* AddressCellViewModel.swift */,
			);
			path = Cell;
			sourceTree = "<group>";
		};
		DA8C8D4A2449674900FB7645 /* Connection */ = {
			isa = PBXGroup;
			children = (
				DA6623712436FFBF00DA344A /* ConnectionViewController.swift */,
				DA8C8D4B2449678A00FB7645 /* ConnectionViewModel.swift */,
				DAE910A5246BBA4E0029FD24 /* ConnectionState.swift */,
				DAE910A7246BBA880029FD24 /* ConnectionViewModelInputOutput.swift */,
			);
			path = Connection;
			sourceTree = "<group>";
		};
		DAA5D5502445715E00128CA7 /* Message List */ = {
			isa = PBXGroup;
			children = (
				DAE9109C24698A860029FD24 /* state indicator */,
				DAA5D553244571F800128CA7 /* message cell */,
				DA6623732436FFDC00DA344A /* MessageListViewController.swift */,
				DAA5D5512445718000128CA7 /* MessageListViewModel.swift */,
				DAE910A9246BBB5F0029FD24 /* MessageListState.swift */,
				DAE910AB246BBB9C0029FD24 /* MessageListViewModelInputOutput.swift */,
			);
			path = "Message List";
			sourceTree = "<group>";
		};
		DAA5D553244571F800128CA7 /* message cell */ = {
			isa = PBXGroup;
			children = (
				DAA5D5542445721700128CA7 /* MessageCellViewModel.swift */,
				DAA5D55624457CD700128CA7 /* MessageCell.swift */,
			);
			path = "message cell";
			sourceTree = "<group>";
		};
		DAA62080246D135600AD8476 /* Strings */ = {
			isa = PBXGroup;
			children = (
				DAA62081246D138400AD8476 /* AccessibilityIdentifier.swift */,
			);
			path = Strings;
			sourceTree = "<group>";
		};
		DAC977CA244EB33E000C924F /* Theming */ = {
			isa = PBXGroup;
			children = (
				DAC977CB244EB364000C924F /* Theme.swift */,
				DAC977CD244EB491000C924F /* Theme+Defaults.swift */,
				DAC977CF244EB89B000C924F /* Appearance.swift */,
				DA3FEF952467D572007EDD04 /* AppColors.swift */,
			);
			path = Theming;
			sourceTree = "<group>";
		};
		DAD078D62471211C00FE2214 /* Messages */ = {
			isa = PBXGroup;
			children = (
				DAD078D72471214F00FE2214 /* Messages.swift */,
			);
			path = Messages;
			sourceTree = "<group>";
		};
		DAD078D92471808B00FE2214 /* AddressFilters */ = {
			isa = PBXGroup;
			children = (
				DAD078DA247180AB00FE2214 /* AddressFilters.swift */,
			);
			path = AddressFilters;
			sourceTree = "<group>";
		};
		DAE70903243AE702009D960A /* Models */ = {
			isa = PBXGroup;
			children = (
				DA4886092443568F008FC6BB /* MessageModel.swift */,
				DAEE9B3F2452A2F500D7A277 /* BundleModel.swift */,
			);
			path = Models;
			sourceTree = "<group>";
		};
		DAE9109C24698A860029FD24 /* state indicator */ = {
			isa = PBXGroup;
			children = (
				DAE9109D24698AD40029FD24 /* StateIndicatorView.swift */,
			);
			path = "state indicator";
			sourceTree = "<group>";
		};
		DAE910A1246A69BA0029FD24 /* Shared */ = {
			isa = PBXGroup;
			children = (
				DAE910A2246A69CE0029FD24 /* Views */,
			);
			path = Shared;
			sourceTree = "<group>";
		};
		DAE910A2246A69CE0029FD24 /* Views */ = {
			isa = PBXGroup;
			children = (
				DAE910A3246A69F40029FD24 /* TableViewSeparatorView.swift */,
			);
			path = Views;
			sourceTree = "<group>";
		};
		DAF9F28524422C5B009CF474 /* Coordinators */ = {
			isa = PBXGroup;
			children = (
				DAF9F28824422E47009CF474 /* FlowCoordinator.swift */,
				DAF9F28624422C7D009CF474 /* AppFlowCoordinator.swift */,
				DA4886112443C564008FC6BB /* MainFlowCoordinator.swift */,
				DAFE9A73245FE954005999C4 /* AppComponentsFactory.swift */,
				DAFE9A75245FEEDD005999C4 /* AppFlowCoordinatorDependencyProvider.swift */,
			);
			path = Coordinators;
			sourceTree = "<group>";
		};
		DAF9F28A24423CF5009CF474 /* Utils */ = {
			isa = PBXGroup;
			children = (
				DAF9F28C24423D09009CF474 /* Protocols */,
				DAF9F28B24423CFD009CF474 /* Extensions */,
			);
			path = Utils;
			sourceTree = "<group>";
		};
		DAF9F28B24423CFD009CF474 /* Extensions */ = {
			isa = PBXGroup;
			children = (
				DAA5D55924457DA800128CA7 /* UITableView+Cell.swift */,
				DAEE9B432452B31B00D7A277 /* UITableView+Scroll.swift */,
				DA3FEF912466F950007EDD04 /* UIButton+BackgroundColor.swift */,
				DA3FEF932466F9A1007EDD04 /* UIImage+Color.swift */,
				DA3FEF972467D60A007EDD04 /* UIColor+Hex.swift */,
			);
			path = Extensions;
			sourceTree = "<group>";
		};
		DAF9F28C24423D09009CF474 /* Protocols */ = {
			isa = PBXGroup;
			children = (
				DA8C8D53244C5BCD00FB7645 /* StoryboardBased.swift */,
				DA8C8D51244C5BA500FB7645 /* ViewModelBased.swift */,
				DAC977D1244EBAA5000C924F /* Themeable.swift */,
			);
			path = Protocols;
			sourceTree = "<group>";
		};
		DAFE9A77245FF362005999C4 /* Mocks */ = {
			isa = PBXGroup;
			children = (
				DAFE9A7824606E77005999C4 /* MessageModel+Stub.swift */,
			);
			path = Mocks;
			sourceTree = "<group>";
		};
/* End PBXGroup section */

/* Begin PBXNativeTarget section */
		DA6623362436F6AF00DA344A /* OSC Monitor */ = {
			isa = PBXNativeTarget;
			buildConfigurationList = DA6623612436F6B100DA344A /* Build configuration list for PBXNativeTarget "OSC Monitor" */;
			buildPhases = (
				DA6623332436F6AF00DA344A /* Sources */,
				DA6623342436F6AF00DA344A /* Frameworks */,
				DA6623352436F6AF00DA344A /* Resources */,
			);
			buildRules = (
			);
			dependencies = (
			);
			name = "OSC Monitor";
			packageProductDependencies = (
				DA66236B2436F70F00DA344A /* OSCKit */,
			);
			productName = "OSC Monitor";
			productReference = DA6623372436F6AF00DA344A /* OSC Monitor.app */;
			productType = "com.apple.product-type.application";
		};
		DA66234C2436F6B100DA344A /* OSC MonitorTests */ = {
			isa = PBXNativeTarget;
			buildConfigurationList = DA6623642436F6B100DA344A /* Build configuration list for PBXNativeTarget "OSC MonitorTests" */;
			buildPhases = (
				DA6623492436F6B100DA344A /* Sources */,
				DA66234A2436F6B100DA344A /* Frameworks */,
				DA66234B2436F6B100DA344A /* Resources */,
			);
			buildRules = (
			);
			dependencies = (
				DA66234F2436F6B100DA344A /* PBXTargetDependency */,
			);
			name = "OSC MonitorTests";
			productName = "OSC MonitorTests";
			productReference = DA66234D2436F6B100DA344A /* OSC MonitorTests.xctest */;
			productType = "com.apple.product-type.bundle.unit-test";
		};
		DA6623572436F6B100DA344A /* OSC MonitorUITests */ = {
			isa = PBXNativeTarget;
			buildConfigurationList = DA6623672436F6B100DA344A /* Build configuration list for PBXNativeTarget "OSC MonitorUITests" */;
			buildPhases = (
				DA6623542436F6B100DA344A /* Sources */,
				DA6623552436F6B100DA344A /* Frameworks */,
				DA6623562436F6B100DA344A /* Resources */,
			);
			buildRules = (
			);
			dependencies = (
				DA66235A2436F6B100DA344A /* PBXTargetDependency */,
			);
			name = "OSC MonitorUITests";
			productName = "OSC MonitorUITests";
			productReference = DA6623582436F6B100DA344A /* OSC MonitorUITests.xctest */;
			productType = "com.apple.product-type.bundle.ui-testing";
		};
/* End PBXNativeTarget section */

/* Begin PBXProject section */
		DA66232F2436F6AF00DA344A /* Project object */ = {
			isa = PBXProject;
			attributes = {
				LastSwiftUpdateCheck = 1130;
				LastUpgradeCheck = 1130;
				ORGANIZATIONNAME = "Lukas Bahrle Santana";
				TargetAttributes = {
					DA6623362436F6AF00DA344A = {
						CreatedOnToolsVersion = 11.3.1;
					};
					DA66234C2436F6B100DA344A = {
						CreatedOnToolsVersion = 11.3.1;
						TestTargetID = DA6623362436F6AF00DA344A;
					};
					DA6623572436F6B100DA344A = {
						CreatedOnToolsVersion = 11.3.1;
						TestTargetID = DA6623362436F6AF00DA344A;
					};
				};
			};
			buildConfigurationList = DA6623322436F6AF00DA344A /* Build configuration list for PBXProject "OSC Monitor" */;
			compatibilityVersion = "Xcode 9.3";
			developmentRegion = en;
			hasScannedForEncodings = 0;
			knownRegions = (
				en,
				Base,
			);
			mainGroup = DA66232E2436F6AF00DA344A;
			packageReferences = (
				DA66236A2436F70F00DA344A /* XCRemoteSwiftPackageReference "OSCKit" */,
			);
			productRefGroup = DA6623382436F6AF00DA344A /* Products */;
			projectDirPath = "";
			projectRoot = "";
			targets = (
				DA6623362436F6AF00DA344A /* OSC Monitor */,
				DA66234C2436F6B100DA344A /* OSC MonitorTests */,
				DA6623572436F6B100DA344A /* OSC MonitorUITests */,
			);
		};
/* End PBXProject section */

/* Begin PBXResourcesBuildPhase section */
		DA6623352436F6AF00DA344A /* Resources */ = {
			isa = PBXResourcesBuildPhase;
			buildActionMask = 2147483647;
			files = (
				DA6623472436F6B100DA344A /* LaunchScreen.storyboard in Resources */,
				DA3FEF9A2467D812007EDD04 /* Colors.xcassets in Resources */,
				DA6623442436F6B100DA344A /* Assets.xcassets in Resources */,
				DA6623422436F6AF00DA344A /* Main.storyboard in Resources */,
			);
			runOnlyForDeploymentPostprocessing = 0;
		};
		DA66234B2436F6B100DA344A /* Resources */ = {
			isa = PBXResourcesBuildPhase;
			buildActionMask = 2147483647;
			files = (
			);
			runOnlyForDeploymentPostprocessing = 0;
		};
		DA6623562436F6B100DA344A /* Resources */ = {
			isa = PBXResourcesBuildPhase;
			buildActionMask = 2147483647;
			files = (
			);
			runOnlyForDeploymentPostprocessing = 0;
		};
/* End PBXResourcesBuildPhase section */

/* Begin PBXSourcesBuildPhase section */
		DA6623332436F6AF00DA344A /* Sources */ = {
			isa = PBXSourcesBuildPhase;
			buildActionMask = 2147483647;
			files = (
				DAF9F28724422C7D009CF474 /* AppFlowCoordinator.swift in Sources */,
				DA8C8D50244B8FC400FB7645 /* MainUseCase.swift in Sources */,
				DA3FEF882462FE7C007EDD04 /* AppStateNotifiable.swift in Sources */,
				DAA5D5552445721700128CA7 /* MessageCellViewModel.swift in Sources */,
				DA8556662446DABD00E07979 /* AddressCell.swift in Sources */,
				DAE910AA246BBB5F0029FD24 /* MessageListState.swift in Sources */,
				DA3FEF922466F950007EDD04 /* UIButton+BackgroundColor.swift in Sources */,
				DAE910A4246A69F40029FD24 /* TableViewSeparatorView.swift in Sources */,
				DAA5D55A24457DA800128CA7 /* UITableView+Cell.swift in Sources */,
				DA6623782437001800DA344A /* MainViewController.swift in Sources */,
				DA48860A2443568F008FC6BB /* MessageModel.swift in Sources */,
				DA4885FC24425DDD008FC6BB /* MainViewModelType.swift in Sources */,
				DAC977CE244EB491000C924F /* Theme+Defaults.swift in Sources */,
				DA8C8D52244C5BA500FB7645 /* ViewModelBased.swift in Sources */,
				DAE910AE246BBC460029FD24 /* AddressListViewModelInputOutput.swift in Sources */,
				DA6623762436FFF300DA344A /* AddressListViewController.swift in Sources */,
				DA352033246E653E0055F18D /* MainState.swift in Sources */,
				DAEE9B402452A2F500D7A277 /* BundleModel.swift in Sources */,
				DAEE9B422452A4B900D7A277 /* MessagesServiceItemType.swift in Sources */,
				DAFE9A76245FEEDD005999C4 /* AppFlowCoordinatorDependencyProvider.swift in Sources */,
				DA8C8D54244C5BCD00FB7645 /* StoryboardBased.swift in Sources */,
				DAC977D2244EBAA5000C924F /* Themeable.swift in Sources */,
				DAD078DB247180AB00FE2214 /* AddressFilters.swift in Sources */,
				DAE910A8246BBA880029FD24 /* ConnectionViewModelInputOutput.swift in Sources */,
				DAC977CC244EB364000C924F /* Theme.swift in Sources */,
				DA4885FE24425E17008FC6BB /* MainViewModel.swift in Sources */,
				DAD078D82471214F00FE2214 /* Messages.swift in Sources */,
				DA4886122443C564008FC6BB /* MainFlowCoordinator.swift in Sources */,
				DA3FEF862462FD47007EDD04 /* AppStateNotifier.swift in Sources */,
				DA3FEF942466F9A1007EDD04 /* UIImage+Color.swift in Sources */,
				DAE9109E24698AD40029FD24 /* StateIndicatorView.swift in Sources */,
				DA8556632446DA8200E07979 /* AddressListViewModel.swift in Sources */,
				DAEE9B442452B31B00D7A277 /* UITableView+Scroll.swift in Sources */,
				DA8C8D4C2449678A00FB7645 /* ConnectionViewModel.swift in Sources */,
				DAA5D55724457CD700128CA7 /* MessageCell.swift in Sources */,
				DAFE9A74245FE954005999C4 /* AppComponentsFactory.swift in Sources */,
				DA48860E2443BB31008FC6BB /* MessagesService.swift in Sources */,
				DA6623722436FFBF00DA344A /* ConnectionViewController.swift in Sources */,
				DA48860324426101008FC6BB /* ServiceProvider.swift in Sources */,
				DAE910AC246BBB9C0029FD24 /* MessageListViewModelInputOutput.swift in Sources */,
				DAF9F28924422E47009CF474 /* FlowCoordinator.swift in Sources */,
				DA352035246E65D10055F18D /* MainComponentsFactory.swift in Sources */,
				DAE910A6246BBA4E0029FD24 /* ConnectionState.swift in Sources */,
				DA352031246E60170055F18D /* DefaultValue.swift in Sources */,
				DAA5D5522445718000128CA7 /* MessageListViewModel.swift in Sources */,
				DA66233B2436F6AF00DA344A /* AppDelegate.swift in Sources */,
				DA66233D2436F6AF00DA344A /* SceneDelegate.swift in Sources */,
				DA3FEF962467D572007EDD04 /* AppColors.swift in Sources */,
				DA8556682446DACE00E07979 /* AddressCellViewModel.swift in Sources */,
				DA3FEF982467D60A007EDD04 /* UIColor+Hex.swift in Sources */,
				DA3FEF8A24632086007EDD04 /* MainDefaultValues.swift in Sources */,
				DAA62082246D138400AD8476 /* AccessibilityIdentifier.swift in Sources */,
				DAC977D0244EB89B000C924F /* Appearance.swift in Sources */,
				DA48860024425EAF008FC6BB /* MainNavigator.swift in Sources */,
				DA6623742436FFDC00DA344A /* MessageListViewController.swift in Sources */,
				DA3FEF81246133F9007EDD04 /* DefaultValuesService.swift in Sources */,
			);
			runOnlyForDeploymentPostprocessing = 0;
		};
		DA6623492436F6B100DA344A /* Sources */ = {
			isa = PBXSourcesBuildPhase;
			buildActionMask = 2147483647;
			files = (
				DAFE9A7B2460723D005999C4 /* ConnectionViewModelTests.swift in Sources */,
				DAC2BE4E245F131C00734D05 /* AddressCellViewModelTests.swift in Sources */,
				DAFE9A7924606E77005999C4 /* MessageModel+Stub.swift in Sources */,
				DA992A6B2459470500312AD4 /* MessageListViewModelInputTests.swift in Sources */,
				DAB5C4E8245A9BBD0026BB88 /* MessageCellViewModelTests.swift in Sources */,
				DAB5C4EA245A9FF80026BB88 /* MainViewModelTests.swift in Sources */,
				DAC2BE4C245F0B5D00734D05 /* AddressListViewModelTests.swift in Sources */,
			);
			runOnlyForDeploymentPostprocessing = 0;
		};
		DA6623542436F6B100DA344A /* Sources */ = {
			isa = PBXSourcesBuildPhase;
			buildActionMask = 2147483647;
			files = (
				DA66235D2436F6B100DA344A /* OSC_MonitorUITests.swift in Sources */,
				DA424179246D8F88000E6E91 /* AccessibilityIdentifier.swift in Sources */,
			);
			runOnlyForDeploymentPostprocessing = 0;
		};
/* End PBXSourcesBuildPhase section */

/* Begin PBXTargetDependency section */
		DA66234F2436F6B100DA344A /* PBXTargetDependency */ = {
			isa = PBXTargetDependency;
			target = DA6623362436F6AF00DA344A /* OSC Monitor */;
			targetProxy = DA66234E2436F6B100DA344A /* PBXContainerItemProxy */;
		};
		DA66235A2436F6B100DA344A /* PBXTargetDependency */ = {
			isa = PBXTargetDependency;
			target = DA6623362436F6AF00DA344A /* OSC Monitor */;
			targetProxy = DA6623592436F6B100DA344A /* PBXContainerItemProxy */;
		};
/* End PBXTargetDependency section */

/* Begin PBXVariantGroup section */
		DA6623402436F6AF00DA344A /* Main.storyboard */ = {
			isa = PBXVariantGroup;
			children = (
				DA6623412436F6AF00DA344A /* Base */,
			);
			name = Main.storyboard;
			sourceTree = "<group>";
		};
		DA6623452436F6B100DA344A /* LaunchScreen.storyboard */ = {
			isa = PBXVariantGroup;
			children = (
				DA6623462436F6B100DA344A /* Base */,
			);
			name = LaunchScreen.storyboard;
			sourceTree = "<group>";
		};
/* End PBXVariantGroup section */

/* Begin XCBuildConfiguration section */
		DA66235F2436F6B100DA344A /* Debug */ = {
			isa = XCBuildConfiguration;
			buildSettings = {
				ALWAYS_SEARCH_USER_PATHS = NO;
				CLANG_ANALYZER_NONNULL = YES;
				CLANG_ANALYZER_NUMBER_OBJECT_CONVERSION = YES_AGGRESSIVE;
				CLANG_CXX_LANGUAGE_STANDARD = "gnu++14";
				CLANG_CXX_LIBRARY = "libc++";
				CLANG_ENABLE_MODULES = YES;
				CLANG_ENABLE_OBJC_ARC = YES;
				CLANG_ENABLE_OBJC_WEAK = YES;
				CLANG_WARN_BLOCK_CAPTURE_AUTORELEASING = YES;
				CLANG_WARN_BOOL_CONVERSION = YES;
				CLANG_WARN_COMMA = YES;
				CLANG_WARN_CONSTANT_CONVERSION = YES;
				CLANG_WARN_DEPRECATED_OBJC_IMPLEMENTATIONS = YES;
				CLANG_WARN_DIRECT_OBJC_ISA_USAGE = YES_ERROR;
				CLANG_WARN_DOCUMENTATION_COMMENTS = YES;
				CLANG_WARN_EMPTY_BODY = YES;
				CLANG_WARN_ENUM_CONVERSION = YES;
				CLANG_WARN_INFINITE_RECURSION = YES;
				CLANG_WARN_INT_CONVERSION = YES;
				CLANG_WARN_NON_LITERAL_NULL_CONVERSION = YES;
				CLANG_WARN_OBJC_IMPLICIT_RETAIN_SELF = YES;
				CLANG_WARN_OBJC_LITERAL_CONVERSION = YES;
				CLANG_WARN_OBJC_ROOT_CLASS = YES_ERROR;
				CLANG_WARN_RANGE_LOOP_ANALYSIS = YES;
				CLANG_WARN_STRICT_PROTOTYPES = YES;
				CLANG_WARN_SUSPICIOUS_MOVE = YES;
				CLANG_WARN_UNGUARDED_AVAILABILITY = YES_AGGRESSIVE;
				CLANG_WARN_UNREACHABLE_CODE = YES;
				CLANG_WARN__DUPLICATE_METHOD_MATCH = YES;
				COPY_PHASE_STRIP = NO;
				DEBUG_INFORMATION_FORMAT = dwarf;
				ENABLE_STRICT_OBJC_MSGSEND = YES;
				ENABLE_TESTABILITY = YES;
				GCC_C_LANGUAGE_STANDARD = gnu11;
				GCC_DYNAMIC_NO_PIC = NO;
				GCC_NO_COMMON_BLOCKS = YES;
				GCC_OPTIMIZATION_LEVEL = 0;
				GCC_PREPROCESSOR_DEFINITIONS = (
					"DEBUG=1",
					"$(inherited)",
				);
				GCC_WARN_64_TO_32_BIT_CONVERSION = YES;
				GCC_WARN_ABOUT_RETURN_TYPE = YES_ERROR;
				GCC_WARN_UNDECLARED_SELECTOR = YES;
				GCC_WARN_UNINITIALIZED_AUTOS = YES_AGGRESSIVE;
				GCC_WARN_UNUSED_FUNCTION = YES;
				GCC_WARN_UNUSED_VARIABLE = YES;
				IPHONEOS_DEPLOYMENT_TARGET = 13.2;
				MTL_ENABLE_DEBUG_INFO = INCLUDE_SOURCE;
				MTL_FAST_MATH = YES;
				ONLY_ACTIVE_ARCH = YES;
				SDKROOT = iphoneos;
				SWIFT_ACTIVE_COMPILATION_CONDITIONS = DEBUG;
				SWIFT_OPTIMIZATION_LEVEL = "-Onone";
			};
			name = Debug;
		};
		DA6623602436F6B100DA344A /* Release */ = {
			isa = XCBuildConfiguration;
			buildSettings = {
				ALWAYS_SEARCH_USER_PATHS = NO;
				CLANG_ANALYZER_NONNULL = YES;
				CLANG_ANALYZER_NUMBER_OBJECT_CONVERSION = YES_AGGRESSIVE;
				CLANG_CXX_LANGUAGE_STANDARD = "gnu++14";
				CLANG_CXX_LIBRARY = "libc++";
				CLANG_ENABLE_MODULES = YES;
				CLANG_ENABLE_OBJC_ARC = YES;
				CLANG_ENABLE_OBJC_WEAK = YES;
				CLANG_WARN_BLOCK_CAPTURE_AUTORELEASING = YES;
				CLANG_WARN_BOOL_CONVERSION = YES;
				CLANG_WARN_COMMA = YES;
				CLANG_WARN_CONSTANT_CONVERSION = YES;
				CLANG_WARN_DEPRECATED_OBJC_IMPLEMENTATIONS = YES;
				CLANG_WARN_DIRECT_OBJC_ISA_USAGE = YES_ERROR;
				CLANG_WARN_DOCUMENTATION_COMMENTS = YES;
				CLANG_WARN_EMPTY_BODY = YES;
				CLANG_WARN_ENUM_CONVERSION = YES;
				CLANG_WARN_INFINITE_RECURSION = YES;
				CLANG_WARN_INT_CONVERSION = YES;
				CLANG_WARN_NON_LITERAL_NULL_CONVERSION = YES;
				CLANG_WARN_OBJC_IMPLICIT_RETAIN_SELF = YES;
				CLANG_WARN_OBJC_LITERAL_CONVERSION = YES;
				CLANG_WARN_OBJC_ROOT_CLASS = YES_ERROR;
				CLANG_WARN_RANGE_LOOP_ANALYSIS = YES;
				CLANG_WARN_STRICT_PROTOTYPES = YES;
				CLANG_WARN_SUSPICIOUS_MOVE = YES;
				CLANG_WARN_UNGUARDED_AVAILABILITY = YES_AGGRESSIVE;
				CLANG_WARN_UNREACHABLE_CODE = YES;
				CLANG_WARN__DUPLICATE_METHOD_MATCH = YES;
				COPY_PHASE_STRIP = NO;
				DEBUG_INFORMATION_FORMAT = "dwarf-with-dsym";
				ENABLE_NS_ASSERTIONS = NO;
				ENABLE_STRICT_OBJC_MSGSEND = YES;
				GCC_C_LANGUAGE_STANDARD = gnu11;
				GCC_NO_COMMON_BLOCKS = YES;
				GCC_WARN_64_TO_32_BIT_CONVERSION = YES;
				GCC_WARN_ABOUT_RETURN_TYPE = YES_ERROR;
				GCC_WARN_UNDECLARED_SELECTOR = YES;
				GCC_WARN_UNINITIALIZED_AUTOS = YES_AGGRESSIVE;
				GCC_WARN_UNUSED_FUNCTION = YES;
				GCC_WARN_UNUSED_VARIABLE = YES;
				IPHONEOS_DEPLOYMENT_TARGET = 13.2;
				MTL_ENABLE_DEBUG_INFO = NO;
				MTL_FAST_MATH = YES;
				SDKROOT = iphoneos;
				SWIFT_COMPILATION_MODE = wholemodule;
				SWIFT_OPTIMIZATION_LEVEL = "-O";
				VALIDATE_PRODUCT = YES;
			};
			name = Release;
		};
		DA6623622436F6B100DA344A /* Debug */ = {
			isa = XCBuildConfiguration;
			buildSettings = {
				ASSETCATALOG_COMPILER_APPICON_NAME = AppIcon;
				CODE_SIGN_STYLE = Automatic;
				DEVELOPMENT_TEAM = HKA5LU2QKN;
				INFOPLIST_FILE = "OSC Monitor/Info.plist";
				LD_RUNPATH_SEARCH_PATHS = (
					"$(inherited)",
					"@executable_path/Frameworks",
				);
				PRODUCT_BUNDLE_IDENTIFIER = "com.lukasbahrle.OSCMonitor.OSC-Monitor";
				PRODUCT_NAME = "OSC Monitor";
				SWIFT_VERSION = 5.0;
				TARGETED_DEVICE_FAMILY = "1,2";
			};
			name = Debug;
		};
		DA6623632436F6B100DA344A /* Release */ = {
			isa = XCBuildConfiguration;
			buildSettings = {
				ASSETCATALOG_COMPILER_APPICON_NAME = AppIcon;
				CODE_SIGN_STYLE = Automatic;
				DEVELOPMENT_TEAM = HKA5LU2QKN;
				INFOPLIST_FILE = "OSC Monitor/Info.plist";
				LD_RUNPATH_SEARCH_PATHS = (
					"$(inherited)",
					"@executable_path/Frameworks",
				);
				PRODUCT_BUNDLE_IDENTIFIER = "com.lukasbahrle.OSCMonitor.OSC-Monitor";
				PRODUCT_NAME = "OSC Monitor";
				SWIFT_VERSION = 5.0;
				TARGETED_DEVICE_FAMILY = "1,2";
			};
			name = Release;
		};
		DA6623652436F6B100DA344A /* Debug */ = {
			isa = XCBuildConfiguration;
			buildSettings = {
				ALWAYS_EMBED_SWIFT_STANDARD_LIBRARIES = YES;
				BUNDLE_LOADER = "$(TEST_HOST)";
				CODE_SIGN_STYLE = Automatic;
				DEVELOPMENT_TEAM = HKA5LU2QKN;
				INFOPLIST_FILE = "OSC MonitorTests/Info.plist";
				IPHONEOS_DEPLOYMENT_TARGET = 13.2;
				LD_RUNPATH_SEARCH_PATHS = (
					"$(inherited)",
					"@executable_path/Frameworks",
					"@loader_path/Frameworks",
				);
				PRODUCT_BUNDLE_IDENTIFIER = "com.lukasbahrle.OSCMonitor.OSC-MonitorTests";
				PRODUCT_NAME = "$(TARGET_NAME)";
				SWIFT_VERSION = 5.0;
				TARGETED_DEVICE_FAMILY = "1,2";
				TEST_HOST = "$(BUILT_PRODUCTS_DIR)/OSC Monitor.app/OSC Monitor";
			};
			name = Debug;
		};
		DA6623662436F6B100DA344A /* Release */ = {
			isa = XCBuildConfiguration;
			buildSettings = {
				ALWAYS_EMBED_SWIFT_STANDARD_LIBRARIES = YES;
				BUNDLE_LOADER = "$(TEST_HOST)";
				CODE_SIGN_STYLE = Automatic;
				DEVELOPMENT_TEAM = HKA5LU2QKN;
				INFOPLIST_FILE = "OSC MonitorTests/Info.plist";
				IPHONEOS_DEPLOYMENT_TARGET = 13.2;
				LD_RUNPATH_SEARCH_PATHS = (
					"$(inherited)",
					"@executable_path/Frameworks",
					"@loader_path/Frameworks",
				);
				PRODUCT_BUNDLE_IDENTIFIER = "com.lukasbahrle.OSCMonitor.OSC-MonitorTests";
				PRODUCT_NAME = "$(TARGET_NAME)";
				SWIFT_VERSION = 5.0;
				TARGETED_DEVICE_FAMILY = "1,2";
				TEST_HOST = "$(BUILT_PRODUCTS_DIR)/OSC Monitor.app/OSC Monitor";
			};
			name = Release;
		};
		DA6623682436F6B100DA344A /* Debug */ = {
			isa = XCBuildConfiguration;
			buildSettings = {
				ALWAYS_EMBED_SWIFT_STANDARD_LIBRARIES = YES;
				CODE_SIGN_STYLE = Automatic;
				DEVELOPMENT_TEAM = HKA5LU2QKN;
				INFOPLIST_FILE = "OSC MonitorUITests/Info.plist";
				LD_RUNPATH_SEARCH_PATHS = (
					"$(inherited)",
					"@executable_path/Frameworks",
					"@loader_path/Frameworks",
				);
				PRODUCT_BUNDLE_IDENTIFIER = "com.lukasbahrle.OSCMonitor.OSC-MonitorUITests";
				PRODUCT_NAME = "$(TARGET_NAME)";
				SWIFT_VERSION = 5.0;
				TARGETED_DEVICE_FAMILY = "1,2";
				TEST_TARGET_NAME = "OSC Monitor";
			};
			name = Debug;
		};
		DA6623692436F6B100DA344A /* Release */ = {
			isa = XCBuildConfiguration;
			buildSettings = {
				ALWAYS_EMBED_SWIFT_STANDARD_LIBRARIES = YES;
				CODE_SIGN_STYLE = Automatic;
				DEVELOPMENT_TEAM = HKA5LU2QKN;
				INFOPLIST_FILE = "OSC MonitorUITests/Info.plist";
				LD_RUNPATH_SEARCH_PATHS = (
					"$(inherited)",
					"@executable_path/Frameworks",
					"@loader_path/Frameworks",
				);
				PRODUCT_BUNDLE_IDENTIFIER = "com.lukasbahrle.OSCMonitor.OSC-MonitorUITests";
				PRODUCT_NAME = "$(TARGET_NAME)";
				SWIFT_VERSION = 5.0;
				TARGETED_DEVICE_FAMILY = "1,2";
				TEST_TARGET_NAME = "OSC Monitor";
			};
			name = Release;
		};
/* End XCBuildConfiguration section */

/* Begin XCConfigurationList section */
		DA6623322436F6AF00DA344A /* Build configuration list for PBXProject "OSC Monitor" */ = {
			isa = XCConfigurationList;
			buildConfigurations = (
				DA66235F2436F6B100DA344A /* Debug */,
				DA6623602436F6B100DA344A /* Release */,
			);
			defaultConfigurationIsVisible = 0;
			defaultConfigurationName = Release;
		};
		DA6623612436F6B100DA344A /* Build configuration list for PBXNativeTarget "OSC Monitor" */ = {
			isa = XCConfigurationList;
			buildConfigurations = (
				DA6623622436F6B100DA344A /* Debug */,
				DA6623632436F6B100DA344A /* Release */,
			);
			defaultConfigurationIsVisible = 0;
			defaultConfigurationName = Release;
		};
		DA6623642436F6B100DA344A /* Build configuration list for PBXNativeTarget "OSC MonitorTests" */ = {
			isa = XCConfigurationList;
			buildConfigurations = (
				DA6623652436F6B100DA344A /* Debug */,
				DA6623662436F6B100DA344A /* Release */,
			);
			defaultConfigurationIsVisible = 0;
			defaultConfigurationName = Release;
		};
		DA6623672436F6B100DA344A /* Build configuration list for PBXNativeTarget "OSC MonitorUITests" */ = {
			isa = XCConfigurationList;
			buildConfigurations = (
				DA6623682436F6B100DA344A /* Debug */,
				DA6623692436F6B100DA344A /* Release */,
			);
			defaultConfigurationIsVisible = 0;
			defaultConfigurationName = Release;
		};
/* End XCConfigurationList section */

/* Begin XCRemoteSwiftPackageReference section */
		DA66236A2436F70F00DA344A /* XCRemoteSwiftPackageReference "OSCKit" */ = {
			isa = XCRemoteSwiftPackageReference;
			repositoryURL = "https://github.com/SammyTheHand/OSCKit";
			requirement = {
				kind = upToNextMajorVersion;
				minimumVersion = 1.0.0;
			};
		};
/* End XCRemoteSwiftPackageReference section */

/* Begin XCSwiftPackageProductDependency section */
		DA66236B2436F70F00DA344A /* OSCKit */ = {
			isa = XCSwiftPackageProductDependency;
			package = DA66236A2436F70F00DA344A /* XCRemoteSwiftPackageReference "OSCKit" */;
			productName = OSCKit;
		};
/* End XCSwiftPackageProductDependency section */
	};
	rootObject = DA66232F2436F6AF00DA344A /* Project object */;
}
